
Microsoft Visual Studio Solution File, Format Version 12.00
# Visual Studio Version 16
VisualStudioVersion = 16.0.30204.135
MinimumVisualStudioVersion = 10.0.40219.1
Project("{FAE04EC0-301F-11D3-BF4B-00C04F79EFBC}") = "TDDBank", "TDDBank\TDDBank.csproj", "{82A0886B-FE93-4C49-9241-8A49A142FA07}"
EndProject
Project("{FAE04EC0-301F-11D3-BF4B-00C04F79EFBC}") = "TDDBank.Tests", "TDDBank.Tests\TDDBank.Tests.csproj", "{1436093E-287D-459A-AA19-BF993F08DB21}"
EndProject
Project("{F184B08F-C81C-45F6-A57F-5ABD9991F28F}") = "TDDBank.VBTests", "TDDBank.VBTests\TDDBank.VBTests.vbproj", "{CDE8C71D-A8E1-4A0B-ACD9-D485D1E0A0BC}"
EndProject
Global
	GlobalSection(SolutionConfigurationPlatforms) = preSolution
		Debug|Any CPU = Debug|Any CPU
		Release|Any CPU = Release|Any CPU
	EndGlobalSection
	GlobalSection(ProjectConfigurationPlatforms) = postSolution
		{82A0886B-FE93-4C49-9241-8A49A142FA07}.Debug|Any CPU.ActiveCfg = Debug|Any CPU
		{82A0886B-FE93-4C49-9241-8A49A142FA07}.Debug|Any CPU.Build.0 = Debug|Any CPU
		{82A0886B-FE93-4C49-9241-8A49A142FA07}.Release|Any CPU.ActiveCfg = Release|Any CPU
		{82A0886B-FE93-4C49-9241-8A49A142FA07}.Release|Any CPU.Build.0 = Release|Any CPU
		{1436093E-287D-459A-AA19-BF993F08DB21}.Debug|Any CPU.ActiveCfg = Debug|Any CPU
		{1436093E-287D-459A-AA19-BF993F08DB21}.Debug|Any CPU.Build.0 = Debug|Any CPU
		{1436093E-287D-459A-AA19-BF993F08DB21}.Release|Any CPU.ActiveCfg = Release|Any CPU
		{1436093E-287D-459A-AA19-BF993F08DB21}.Release|Any CPU.Build.0 = Release|Any CPU
		{CDE8C71D-A8E1-4A0B-ACD9-D485D1E0A0BC}.Debug|Any CPU.ActiveCfg = Debug|Any CPU
		{CDE8C71D-A8E1-4A0B-ACD9-D485D1E0A0BC}.Debug|Any CPU.Build.0 = Debug|Any CPU
		{CDE8C71D-A8E1-4A0B-ACD9-D485D1E0A0BC}.Release|Any CPU.ActiveCfg = Release|Any CPU
		{CDE8C71D-A8E1-4A0B-ACD9-D485D1E0A0BC}.Release|Any CPU.Build.0 = Release|Any CPU
	EndGlobalSection
	GlobalSection(SolutionProperties) = preSolution
		HideSolutionNode = FALSE
	EndGlobalSection
	GlobalSection(ExtensibilityGlobals) = postSolution
		SolutionGuid = {160332E3-76F5-41A9-9A2A-CF9F72D1C9A3}
	EndGlobalSection
EndGlobal
